
Microsoft Visual Studio Solution File, Format Version 12.00
# Visual Studio 14
VisualStudioVersion = 14.0.23107.0
MinimumVisualStudioVersion = 10.0.40219.1
Project("{F184B08F-C81C-45F6-A57F-5ABD9991F28F}") = "GV701x_Flashing_Utility_vb", "GV701x_Flashing_Utility_vb\GV701x_Flashing_Utility_vb.vbproj", "{007314B0-B266-4BB9-ABFE-B713C58E149D}"
EndProject
Global
	GlobalSection(SolutionConfigurationPlatforms) = preSolution
		Debug|x86 = Debug|x86
		Release|x86 = Release|x86
	EndGlobalSection
	GlobalSection(ProjectConfigurationPlatforms) = postSolution
		{007314B0-B266-4BB9-ABFE-B713C58E149D}.Debug|x86.ActiveCfg = Debug|x86
		{007314B0-B266-4BB9-ABFE-B713C58E149D}.Debug|x86.Build.0 = Debug|x86
		{007314B0-B266-4BB9-ABFE-B713C58E149D}.Release|x86.ActiveCfg = Release|x86
		{007314B0-B266-4BB9-ABFE-B713C58E149D}.Release|x86.Build.0 = Release|x86
		{007314B0-B266-4BB9-ABFE-B713C58E149D}.Release|x86.Deploy.0 = Release|x86
	EndGlobalSection
	GlobalSection(SolutionProperties) = preSolution
		HideSolutionNode = FALSE
	EndGlobalSection
EndGlobal
